
Microsoft Visual Studio Solution File, Format Version 12.00
# Visual Studio 15
VisualStudioVersion = 15.0.27428.2037
MinimumVisualStudioVersion = 10.0.40219.1
Project("{8BC9CEB8-8B4A-11D0-8D11-00A0C91BC942}") = "ConsoleApplication21", "ConsoleApplication21\ConsoleApplication21.vcxproj", "{BCD90185-6B66-4998-91C0-C2BAB4F5E493}"
EndProject
Global
	GlobalSection(SolutionConfigurationPlatforms) = preSolution
		Debug|x64 = Debug|x64
		Debug|x86 = Debug|x86
		Release|x64 = Release|x64
		Release|x86 = Release|x86
	EndGlobalSection
	GlobalSection(ProjectConfigurationPlatforms) = postSolution
		{BCD90185-6B66-4998-91C0-C2BAB4F5E493}.Debug|x64.ActiveCfg = Debug|x64
		{BCD90185-6B66-4998-91C0-C2BAB4F5E493}.Debug|x64.Build.0 = Debug|x64
		{BCD90185-6B66-4998-91C0-C2BAB4F5E493}.Debug|x86.ActiveCfg = Debug|Win32
		{BCD90185-6B66-4998-91C0-C2BAB4F5E493}.Debug|x86.Build.0 = Debug|Win32
		{BCD90185-6B66-4998-91C0-C2BAB4F5E493}.Release|x64.ActiveCfg = Release|x64
		{BCD90185-6B66-4998-91C0-C2BAB4F5E493}.Release|x64.Build.0 = Release|x64
		{BCD90185-6B66-4998-91C0-C2BAB4F5E493}.Release|x86.ActiveCfg = Release|Win32
		{BCD90185-6B66-4998-91C0-C2BAB4F5E493}.Release|x86.Build.0 = Release|Win32
	EndGlobalSection
	GlobalSection(SolutionProperties) = preSolution
		HideSolutionNode = FALSE
	EndGlobalSection
	GlobalSection(ExtensibilityGlobals) = postSolution
		SolutionGuid = {FB27FA90-11A7-4233-9EC4-5F63AFE49988}
	EndGlobalSection
EndGlobal
